
Microsoft Visual Studio Solution File, Format Version 12.00
# Visual Studio Version 17
VisualStudioVersion = 17.2.32526.322
MinimumVisualStudioVersion = 10.0.40219.1
Project("{FAE04EC0-301F-11D3-BF4B-00C04F79EFBC}") = "SimpleBankWeb", "SimpleBankWeb\SimpleBankWeb.csproj", "{8466F286-B7B1-46C0-890F-6E1994674F2D}"
EndProject
Global
	GlobalSection(SolutionConfigurationPlatforms) = preSolution
		Debug|Any CPU = Debug|Any CPU
		Release|Any CPU = Release|Any CPU
	EndGlobalSection
	GlobalSection(ProjectConfigurationPlatforms) = postSolution
		{8466F286-B7B1-46C0-890F-6E1994674F2D}.Debug|Any CPU.ActiveCfg = Debug|Any CPU
		{8466F286-B7B1-46C0-890F-6E1994674F2D}.Debug|Any CPU.Build.0 = Debug|Any CPU
		{8466F286-B7B1-46C0-890F-6E1994674F2D}.Release|Any CPU.ActiveCfg = Release|Any CPU
		{8466F286-B7B1-46C0-890F-6E1994674F2D}.Release|Any CPU.Build.0 = Release|Any CPU
	EndGlobalSection
	GlobalSection(SolutionProperties) = preSolution
		HideSolutionNode = FALSE
	EndGlobalSection
	GlobalSection(ExtensibilityGlobals) = postSolution
		SolutionGuid = {27CE9772-2C67-41B9-BAB0-BE04EB1994C3}
	EndGlobalSection
EndGlobal
